{
  "version": 4,
  "terraform_version": "1.15.8",
  "serial": 1,
  "lineage": "74d8b273-5ce8-9b66-abc2-e3866d4046b8",
  "outputs": {},
  "resources": [
    {
      "mode": "managed",
      "type": "local_file",
      "name": "my_file",
      "provider": "provider[\"registry.terraform.io/hashicorp/local\"]",
      "instances": [
        {
          "schema_version": 0,
          "attributes": {
            "content": "mai nhi dikhaunga",
            "content_base64": null,
            "content_base64sha256": "m/HQUJg8LoLNWwids4BLfpjP3sRux4TNXKFbJGsPME0=",
            "content_base64sha512": "zMpCxru0+p/0KeFxhUTHeaRCtyvD+A7Ol1uBqiRyOomZZ9RNScJh/0TOqVOB9/GF3BeWCwM/QuP4HM1tqfFdCw==",
            "content_md5": "d2ca00ea4777a94d6dea5a30af021ce1",
            "content_sha1": "0fe1f612613019d40ee3ecc4c7e0f5058c594c9f",
            "content_sha256": "9bf1d050983c2e82cd5b089db3804b7e98cfdec46ec784cd5ca15b246b0f304d",
            "content_sha512": "ccca42c6bbb4fa9ff429e1718544c779a442b72bc3f80ece975b81aa24723a899967d44d49c261ff44cea95381f7f185dc17960b033f42e3f81ccd6da9f15d0b",
            "directory_permission": "0777",
            "file_permission": "0200",
            "filename": "automate.txt",
            "id": "0fe1f612613019d40ee3ecc4c7e0f5058c594c9f",
            "sensitive_content": null,
            "source": null
          },
          "sensitive_attributes": [
            [
              {
                "type": "get_attr",
                "value": "sensitive_content"
              }
            ]
          ],
          "identity_schema_version": 0
        }
      ]
    }
  ],
  "check_results": null
}
